
Microsoft Visual Studio Solution File, Format Version 12.00
# Visual Studio 15
Project("{FAE04EC0-301F-11D3-BF4B-00C04F79EFBC}") = "Assembly-CSharp", "Assembly-CSharp.csproj", "{FFC43644-8088-771E-0B67-903D79B479C5}"
EndProject
Global
	GlobalSection(SolutionConfigurationPlatforms) = preSolution
		Debug|Any CPU = Debug|Any CPU
		Release|Any CPU = Release|Any CPU
	EndGlobalSection
	GlobalSection(ProjectConfigurationPlatforms) = postSolution
		{FFC43644-8088-771E-0B67-903D79B479C5}.Debug|Any CPU.ActiveCfg = Debug|Any CPU
		{FFC43644-8088-771E-0B67-903D79B479C5}.Debug|Any CPU.Build.0 = Debug|Any CPU
		{FFC43644-8088-771E-0B67-903D79B479C5}.Release|Any CPU.ActiveCfg = Release|Any CPU
		{FFC43644-8088-771E-0B67-903D79B479C5}.Release|Any CPU.Build.0 = Release|Any CPU
	EndGlobalSection
	GlobalSection(SolutionProperties) = preSolution
		HideSolutionNode = FALSE
	EndGlobalSection
	GlobalSection(MonoDevelopProperties) = preSolution
		StartupItem = Assembly-CSharp.csproj
	EndGlobalSection
EndGlobal
